
Microsoft Visual Studio Solution File, Format Version 12.00
Project("{FAE04EC0-301F-11D3-BF4B-00C04F79EFBC}") = "EntityFrameworkToolKit", "EntityFrameworkToolKit\EntityFrameworkToolKit.csproj", "{343DA6AC-5B13-4210-92B2-20B92F42C160}"
EndProject
Project("{FAE04EC0-301F-11D3-BF4B-00C04F79EFBC}") = "EntityFrameworkToolKit.Tests", "EntityFrameworkToolKit.Tests\EntityFrameworkToolKit.Tests.csproj", "{76667954-9352-49C4-8CD2-65229F410AD5}"
EndProject
Global
	GlobalSection(SolutionConfigurationPlatforms) = preSolution
		Debug|Any CPU = Debug|Any CPU
		Release|Any CPU = Release|Any CPU
	EndGlobalSection
	GlobalSection(ProjectConfigurationPlatforms) = postSolution
		{343DA6AC-5B13-4210-92B2-20B92F42C160}.Debug|Any CPU.ActiveCfg = Debug|Any CPU
		{343DA6AC-5B13-4210-92B2-20B92F42C160}.Debug|Any CPU.Build.0 = Debug|Any CPU
		{343DA6AC-5B13-4210-92B2-20B92F42C160}.Release|Any CPU.ActiveCfg = Release|Any CPU
		{343DA6AC-5B13-4210-92B2-20B92F42C160}.Release|Any CPU.Build.0 = Release|Any CPU
		{76667954-9352-49C4-8CD2-65229F410AD5}.Debug|Any CPU.ActiveCfg = Debug|Any CPU
		{76667954-9352-49C4-8CD2-65229F410AD5}.Debug|Any CPU.Build.0 = Debug|Any CPU
		{76667954-9352-49C4-8CD2-65229F410AD5}.Release|Any CPU.ActiveCfg = Release|Any CPU
		{76667954-9352-49C4-8CD2-65229F410AD5}.Release|Any CPU.Build.0 = Release|Any CPU
	EndGlobalSection
EndGlobal
